
Microsoft Visual Studio Solution File, Format Version 12.00
# Visual Studio Version 17
VisualStudioVersion = 17.0.32112.339
MinimumVisualStudioVersion = 10.0.40219.1
Project("{9A19103F-16F7-4668-BE54-9A1E7A4F7556}") = "ColinChang.ArcFace.Core", "ColinChang.ArcFace.Core\ColinChang.ArcFace.Core.csproj", "{B2D49A47-48CA-4814-9356-E70B8C9716FA}"
EndProject
Project("{9A19103F-16F7-4668-BE54-9A1E7A4F7556}") = "ColinChang.ArcFace.Sample", "ColinChang.ArcFace.Sample\ColinChang.ArcFace.Sample.csproj", "{CA868DE6-C1E0-484C-9AFD-B4026A32AF4C}"
EndProject
Project("{FAE04EC0-301F-11D3-BF4B-00C04F79EFBC}") = "ColinChang.ArcFace.Abstraction", "ColinChang.ArcFace.Abstraction\ColinChang.ArcFace.Abstraction.csproj", "{22FC3294-5859-432A-8635-143650A37870}"
EndProject
Project("{FAE04EC0-301F-11D3-BF4B-00C04F79EFBC}") = "ColinChang.ArcFace.ImageSharp", "ColinChang.ArcFace.ImageSharp\ColinChang.ArcFace.ImageSharp.csproj", "{BBA77F7C-E53C-4882-AB85-1ABE6B96885B}"
EndProject
Project("{FAE04EC0-301F-11D3-BF4B-00C04F79EFBC}") = "ColinChang.ArcFace.SystemDrawing", "ColinChang.ArcFace.SystemDrawing\ColinChang.ArcFace.SystemDrawing.csproj", "{9384F9BF-CB61-41C7-9DFC-412044987A74}"
EndProject
Global
	GlobalSection(SolutionConfigurationPlatforms) = preSolution
		Debug|Any CPU = Debug|Any CPU
		Release|Any CPU = Release|Any CPU
	EndGlobalSection
	GlobalSection(ProjectConfigurationPlatforms) = postSolution
		{B2D49A47-48CA-4814-9356-E70B8C9716FA}.Debug|Any CPU.ActiveCfg = Debug|Any CPU
		{B2D49A47-48CA-4814-9356-E70B8C9716FA}.Debug|Any CPU.Build.0 = Debug|Any CPU
		{B2D49A47-48CA-4814-9356-E70B8C9716FA}.Release|Any CPU.ActiveCfg = Release|Any CPU
		{B2D49A47-48CA-4814-9356-E70B8C9716FA}.Release|Any CPU.Build.0 = Release|Any CPU
		{CA868DE6-C1E0-484C-9AFD-B4026A32AF4C}.Debug|Any CPU.ActiveCfg = Debug|Any CPU
		{CA868DE6-C1E0-484C-9AFD-B4026A32AF4C}.Debug|Any CPU.Build.0 = Debug|Any CPU
		{CA868DE6-C1E0-484C-9AFD-B4026A32AF4C}.Release|Any CPU.ActiveCfg = Release|Any CPU
		{CA868DE6-C1E0-484C-9AFD-B4026A32AF4C}.Release|Any CPU.Build.0 = Release|Any CPU
		{22FC3294-5859-432A-8635-143650A37870}.Debug|Any CPU.ActiveCfg = Debug|Any CPU
		{22FC3294-5859-432A-8635-143650A37870}.Debug|Any CPU.Build.0 = Debug|Any CPU
		{22FC3294-5859-432A-8635-143650A37870}.Release|Any CPU.ActiveCfg = Release|Any CPU
		{22FC3294-5859-432A-8635-143650A37870}.Release|Any CPU.Build.0 = Release|Any CPU
		{BBA77F7C-E53C-4882-AB85-1ABE6B96885B}.Debug|Any CPU.ActiveCfg = Debug|Any CPU
		{BBA77F7C-E53C-4882-AB85-1ABE6B96885B}.Debug|Any CPU.Build.0 = Debug|Any CPU
		{BBA77F7C-E53C-4882-AB85-1ABE6B96885B}.Release|Any CPU.ActiveCfg = Release|Any CPU
		{BBA77F7C-E53C-4882-AB85-1ABE6B96885B}.Release|Any CPU.Build.0 = Release|Any CPU
		{9384F9BF-CB61-41C7-9DFC-412044987A74}.Debug|Any CPU.ActiveCfg = Debug|Any CPU
		{9384F9BF-CB61-41C7-9DFC-412044987A74}.Debug|Any CPU.Build.0 = Debug|Any CPU
		{9384F9BF-CB61-41C7-9DFC-412044987A74}.Release|Any CPU.ActiveCfg = Release|Any CPU
		{9384F9BF-CB61-41C7-9DFC-412044987A74}.Release|Any CPU.Build.0 = Release|Any CPU
	EndGlobalSection
	GlobalSection(SolutionProperties) = preSolution
		HideSolutionNode = FALSE
	EndGlobalSection
	GlobalSection(ExtensibilityGlobals) = postSolution
		SolutionGuid = {CF1B5532-9601-491C-A5DA-D583AC7DDD0A}
	EndGlobalSection
EndGlobal
